
Microsoft Visual Studio Solution File, Format Version 12.00
# Visual Studio Version 17
VisualStudioVersion = 17.0.32002.185
MinimumVisualStudioVersion = 10.0.40219.1
Project("{FAE04EC0-301F-11D3-BF4B-00C04F79EFBC}") = "PJEEnterprise", "PJEEnterprise\PJEEnterprise.csproj", "{ADC62AA6-6A17-425F-AD6F-FFBC0E86911E}"
EndProject
Global
	GlobalSection(SolutionConfigurationPlatforms) = preSolution
		Debug|Any CPU = Debug|Any CPU
		Release|Any CPU = Release|Any CPU
	EndGlobalSection
	GlobalSection(ProjectConfigurationPlatforms) = postSolution
		{ADC62AA6-6A17-425F-AD6F-FFBC0E86911E}.Debug|Any CPU.ActiveCfg = Debug|Any CPU
		{ADC62AA6-6A17-425F-AD6F-FFBC0E86911E}.Debug|Any CPU.Build.0 = Debug|Any CPU
		{ADC62AA6-6A17-425F-AD6F-FFBC0E86911E}.Release|Any CPU.ActiveCfg = Release|Any CPU
		{ADC62AA6-6A17-425F-AD6F-FFBC0E86911E}.Release|Any CPU.Build.0 = Release|Any CPU
	EndGlobalSection
	GlobalSection(SolutionProperties) = preSolution
		HideSolutionNode = FALSE
	EndGlobalSection
	GlobalSection(ExtensibilityGlobals) = postSolution
		SolutionGuid = {D94D9F8B-4D4A-4429-AD42-650D3471749C}
	EndGlobalSection
EndGlobal
